
Microsoft Visual Studio Solution File, Format Version 12.00
# Visual Studio Version 17
VisualStudioVersion = 17.5.002.0
MinimumVisualStudioVersion = 10.0.40219.1
Project("{9A19103F-16F7-4668-BE54-9A1E7A4F7556}") = "NotesAPI", "NotesAPI.csproj", "{4C744B23-77A0-4F7C-9C95-674847DE3DBD}"
EndProject
Global
	GlobalSection(SolutionConfigurationPlatforms) = preSolution
		Debug|Any CPU = Debug|Any CPU
		Release|Any CPU = Release|Any CPU
	EndGlobalSection
	GlobalSection(ProjectConfigurationPlatforms) = postSolution
		{4C744B23-77A0-4F7C-9C95-674847DE3DBD}.Debug|Any CPU.ActiveCfg = Debug|Any CPU
		{4C744B23-77A0-4F7C-9C95-674847DE3DBD}.Debug|Any CPU.Build.0 = Debug|Any CPU
		{4C744B23-77A0-4F7C-9C95-674847DE3DBD}.Release|Any CPU.ActiveCfg = Release|Any CPU
		{4C744B23-77A0-4F7C-9C95-674847DE3DBD}.Release|Any CPU.Build.0 = Release|Any CPU
	EndGlobalSection
	GlobalSection(SolutionProperties) = preSolution
		HideSolutionNode = FALSE
	EndGlobalSection
	GlobalSection(ExtensibilityGlobals) = postSolution
		SolutionGuid = {CABA3389-5FFA-4CB2-A629-D42CF29026FC}
	EndGlobalSection
EndGlobal
